// !$*UTF8*$!
{
	archiveVersion = 1;
	classes = {
	};
	objectVersion = 56;
	objects = {

/* Begin PBXBuildFile section */
		8B03E16329D471170038CE4E /* DashView.swift in Sources */ = {isa = PBXBuildFile; fileRef = 8B03E16229D471170038CE4E /* DashView.swift */; };
		8B1337BE2A260CD700493604 /* secrets.plist in Resources */ = {isa = PBXBuildFile; fileRef = 8B1337BD2A260CD700493604 /* secrets.plist */; };
		8B18A11029EFAE8F00D841A3 /* Nuke in Frameworks */ = {isa = PBXBuildFile; productRef = 8B18A10F29EFAE8F00D841A3 /* Nuke */; };
		8B18A11229EFAE8F00D841A3 /* NukeExtensions in Frameworks */ = {isa = PBXBuildFile; productRef = 8B18A11129EFAE8F00D841A3 /* NukeExtensions */; };
		8B18A11429EFAE8F00D841A3 /* NukeUI in Frameworks */ = {isa = PBXBuildFile; productRef = 8B18A11329EFAE8F00D841A3 /* NukeUI */; };
		8B18A11629EFAE8F00D841A3 /* NukeVideo in Frameworks */ = {isa = PBXBuildFile; productRef = 8B18A11529EFAE8F00D841A3 /* NukeVideo */; };
		8B1E569029E5658700C1DE36 /* MapIcon.swift in Sources */ = {isa = PBXBuildFile; fileRef = 8B1E568F29E5658700C1DE36 /* MapIcon.swift */; };
		8B2D03C22A26715F00CDEBBA /* PlayGameView.swift in Sources */ = {isa = PBXBuildFile; fileRef = 8B2D03C12A26715F00CDEBBA /* PlayGameView.swift */; };
		8B2D03C42A27302B00CDEBBA /* CircleMap.swift in Sources */ = {isa = PBXBuildFile; fileRef = 8B2D03C32A27302B00CDEBBA /* CircleMap.swift */; };
		8B458ADA29F2A52A00857CEA /* GamesListView.swift in Sources */ = {isa = PBXBuildFile; fileRef = 8B458AD929F2A52A00857CEA /* GamesListView.swift */; };
		8B458ADC29F395C600857CEA /* XPLevelView.swift in Sources */ = {isa = PBXBuildFile; fileRef = 8B458ADB29F395C600857CEA /* XPLevelView.swift */; };
		8B458ADE29F8002100857CEA /* EditGameView.swift in Sources */ = {isa = PBXBuildFile; fileRef = 8B458ADD29F8002100857CEA /* EditGameView.swift */; };
		8B51A7642A24754C00184C29 /* ProfileView.swift in Sources */ = {isa = PBXBuildFile; fileRef = 8B51A7632A24754C00184C29 /* ProfileView.swift */; };
		8B51A7662A247F4100184C29 /* ProfileViewModel.swift in Sources */ = {isa = PBXBuildFile; fileRef = 8B51A7652A247F4100184C29 /* ProfileViewModel.swift */; };
		8B6397E82A1DCC0600D93F71 /* AddItemsViewModel.swift in Sources */ = {isa = PBXBuildFile; fileRef = 8B6397E72A1DCC0600D93F71 /* AddItemsViewModel.swift */; };
		8B66290329E7E6060046DECD /* ImagePicker.swift in Sources */ = {isa = PBXBuildFile; fileRef = 8B66290229E7E6060046DECD /* ImagePicker.swift */; };
		8B66290529EEC2800046DECD /* ImageView.swift in Sources */ = {isa = PBXBuildFile; fileRef = 8B66290429EEC2800046DECD /* ImageView.swift */; };
		8B6D9A462A1492AB00C14CD8 /* ImageProcessor.swift in Sources */ = {isa = PBXBuildFile; fileRef = 8B6D9A452A1492AB00C14CD8 /* ImageProcessor.swift */; };
		8B90DF9529DD59A7008FE03A /* ReusableViews.swift in Sources */ = {isa = PBXBuildFile; fileRef = 8B90DF9429DD59A7008FE03A /* ReusableViews.swift */; };
		8B9823D12A14D715001AFB58 /* AddItemsView.swift in Sources */ = {isa = PBXBuildFile; fileRef = 8B9823D02A14D715001AFB58 /* AddItemsView.swift */; };
		8BB970F829DA0B7F00D69BCF /* GameDetailView.swift in Sources */ = {isa = PBXBuildFile; fileRef = 8BB970F729DA0B7F00D69BCF /* GameDetailView.swift */; };
		8BB970FA29DA0BA600D69BCF /* Game.swift in Sources */ = {isa = PBXBuildFile; fileRef = 8BB970F929DA0BA600D69BCF /* Game.swift */; };
		8BB970FC29DA10BD00D69BCF /* Modifiers.swift in Sources */ = {isa = PBXBuildFile; fileRef = 8BB970FB29DA10BD00D69BCF /* Modifiers.swift */; };
		8BB9710029DA9FCD00D69BCF /* DataService.swift in Sources */ = {isa = PBXBuildFile; fileRef = 8BB970FE29DA9FCD00D69BCF /* DataService.swift */; };
		8BB9710129DA9FCD00D69BCF /* ApiService.swift in Sources */ = {isa = PBXBuildFile; fileRef = 8BB970FF29DA9FCD00D69BCF /* ApiService.swift */; };
		8BB9710329DAA02200D69BCF /* APIEndpoint.swift in Sources */ = {isa = PBXBuildFile; fileRef = 8BB9710229DAA02100D69BCF /* APIEndpoint.swift */; };
		8BB9710529DAA0A000D69BCF /* AppError.swift in Sources */ = {isa = PBXBuildFile; fileRef = 8BB9710429DAA0A000D69BCF /* AppError.swift */; };
		8BB9710729DAA21A00D69BCF /* Image.swift in Sources */ = {isa = PBXBuildFile; fileRef = 8BB9710629DAA21A00D69BCF /* Image.swift */; };
		8BB9710929DAA34A00D69BCF /* Team.swift in Sources */ = {isa = PBXBuildFile; fileRef = 8BB9710829DAA34A00D69BCF /* Team.swift */; };
		8BB9710B29DAA3B300D69BCF /* User.swift in Sources */ = {isa = PBXBuildFile; fileRef = 8BB9710A29DAA3B300D69BCF /* User.swift */; };
		8BB9710D29DAAA6500D69BCF /* CardView.swift in Sources */ = {isa = PBXBuildFile; fileRef = 8BB9710C29DAAA6500D69BCF /* CardView.swift */; };
		8BB9711029DAC31700D69BCF /* GamesView.swift in Sources */ = {isa = PBXBuildFile; fileRef = 8BB9710F29DAC31700D69BCF /* GamesView.swift */; };
		8BB9711A29DB3DA100D69BCF /* DashViewModel.swift in Sources */ = {isa = PBXBuildFile; fileRef = 8BB9711229DB3DA100D69BCF /* DashViewModel.swift */; };
		8BB9711B29DB3DA100D69BCF /* GameViewModel.swift in Sources */ = {isa = PBXBuildFile; fileRef = 8BB9711329DB3DA100D69BCF /* GameViewModel.swift */; };
		8BB9711D29DB3DA100D69BCF /* AuthViewModel.swift in Sources */ = {isa = PBXBuildFile; fileRef = 8BB9711529DB3DA100D69BCF /* AuthViewModel.swift */; };
		8BB9711E29DB3DA100D69BCF /* TeamViewModel.swift in Sources */ = {isa = PBXBuildFile; fileRef = 8BB9711629DB3DA100D69BCF /* TeamViewModel.swift */; };
		8BB9712029DB3DA100D69BCF /* PlayGameViewModel.swift in Sources */ = {isa = PBXBuildFile; fileRef = 8BB9711829DB3DA100D69BCF /* PlayGameViewModel.swift */; };
		8BB9712329DBECEB00D69BCF /* SignalRClient in Frameworks */ = {isa = PBXBuildFile; productRef = 8BB9712229DBECEB00D69BCF /* SignalRClient */; };
		8BB9712729DC297900D69BCF /* LoginView.swift in Sources */ = {isa = PBXBuildFile; fileRef = 8BB9712629DC297900D69BCF /* LoginView.swift */; };
		8BB9712A29DC3BBF00D69BCF /* SignInWithAppleView.swift in Sources */ = {isa = PBXBuildFile; fileRef = 8BB9712929DC3BBF00D69BCF /* SignInWithAppleView.swift */; };
		8BBDE0A329D458C600A694B2 /* ScavengerHuntApp.swift in Sources */ = {isa = PBXBuildFile; fileRef = 8BBDE0A229D458C600A694B2 /* ScavengerHuntApp.swift */; };
		8BBDE0A529D458C600A694B2 /* RootView.swift in Sources */ = {isa = PBXBuildFile; fileRef = 8BBDE0A429D458C600A694B2 /* RootView.swift */; };
		8BBDE0A729D458C800A694B2 /* Assets.xcassets in Resources */ = {isa = PBXBuildFile; fileRef = 8BBDE0A629D458C800A694B2 /* Assets.xcassets */; };
		8BBDE0AA29D458C800A694B2 /* Preview Assets.xcassets in Resources */ = {isa = PBXBuildFile; fileRef = 8BBDE0A929D458C800A694B2 /* Preview Assets.xcassets */; };
		8BCFB9AD29DE8FD70014422F /* TabBarView.swift in Sources */ = {isa = PBXBuildFile; fileRef = 8BCFB9AC29DE8FD70014422F /* TabBarView.swift */; };
		8BCFB9AF29DED76C0014422F /* AddGameView.swift in Sources */ = {isa = PBXBuildFile; fileRef = 8BCFB9AE29DED76C0014422F /* AddGameView.swift */; };
		8BCFB9B129E15ADD0014422F /* MapView.swift in Sources */ = {isa = PBXBuildFile; fileRef = 8BCFB9B029E15ADD0014422F /* MapView.swift */; };
		8BCFB9BB29E1C5010014422F /* MapKit.framework in Frameworks */ = {isa = PBXBuildFile; fileRef = 8BCFB9B629E1C45A0014422F /* MapKit.framework */; };
		8BCFB9BF29E3EC250014422F /* LocationService.swift in Sources */ = {isa = PBXBuildFile; fileRef = 8BCFB9BE29E3EC250014422F /* LocationService.swift */; };
/* End PBXBuildFile section */

/* Begin PBXFileReference section */
		8B03E16229D471170038CE4E /* DashView.swift */ = {isa = PBXFileReference; lastKnownFileType = sourcecode.swift; path = DashView.swift; sourceTree = "<group>"; };
		8B07F55F29D45A0500D54F94 /* ScavengerHunt.entitlements */ = {isa = PBXFileReference; lastKnownFileType = text.plist.entitlements; path = ScavengerHunt.entitlements; sourceTree = "<group>"; };
		8B1337BD2A260CD700493604 /* secrets.plist */ = {isa = PBXFileReference; lastKnownFileType = text.plist.xml; path = secrets.plist; sourceTree = "<group>"; };
		8B1E568F29E5658700C1DE36 /* MapIcon.swift */ = {isa = PBXFileReference; lastKnownFileType = sourcecode.swift; path = MapIcon.swift; sourceTree = "<group>"; };
		8B2D03C12A26715F00CDEBBA /* PlayGameView.swift */ = {isa = PBXFileReference; lastKnownFileType = sourcecode.swift; path = PlayGameView.swift; sourceTree = "<group>"; };
		8B2D03C32A27302B00CDEBBA /* CircleMap.swift */ = {isa = PBXFileReference; lastKnownFileType = sourcecode.swift; path = CircleMap.swift; sourceTree = "<group>"; };
		8B458AD929F2A52A00857CEA /* GamesListView.swift */ = {isa = PBXFileReference; lastKnownFileType = sourcecode.swift; path = GamesListView.swift; sourceTree = "<group>"; };
		8B458ADB29F395C600857CEA /* XPLevelView.swift */ = {isa = PBXFileReference; lastKnownFileType = sourcecode.swift; path = XPLevelView.swift; sourceTree = "<group>"; };
		8B458ADD29F8002100857CEA /* EditGameView.swift */ = {isa = PBXFileReference; lastKnownFileType = sourcecode.swift; path = EditGameView.swift; sourceTree = "<group>"; };
		8B51A7632A24754C00184C29 /* ProfileView.swift */ = {isa = PBXFileReference; lastKnownFileType = sourcecode.swift; path = ProfileView.swift; sourceTree = "<group>"; };
		8B51A7652A247F4100184C29 /* ProfileViewModel.swift */ = {isa = PBXFileReference; lastKnownFileType = sourcecode.swift; path = ProfileViewModel.swift; sourceTree = "<group>"; };
		8B6397E72A1DCC0600D93F71 /* AddItemsViewModel.swift */ = {isa = PBXFileReference; lastKnownFileType = sourcecode.swift; path = AddItemsViewModel.swift; sourceTree = "<group>"; };
		8B66290229E7E6060046DECD /* ImagePicker.swift */ = {isa = PBXFileReference; lastKnownFileType = sourcecode.swift; path = ImagePicker.swift; sourceTree = "<group>"; };
		8B66290429EEC2800046DECD /* ImageView.swift */ = {isa = PBXFileReference; lastKnownFileType = sourcecode.swift; path = ImageView.swift; sourceTree = "<group>"; };
		8B6D9A452A1492AB00C14CD8 /* ImageProcessor.swift */ = {isa = PBXFileReference; lastKnownFileType = sourcecode.swift; path = ImageProcessor.swift; sourceTree = "<group>"; };
		8B90DF9429DD59A7008FE03A /* ReusableViews.swift */ = {isa = PBXFileReference; lastKnownFileType = sourcecode.swift; path = ReusableViews.swift; sourceTree = "<group>"; };
		8B9823D02A14D715001AFB58 /* AddItemsView.swift */ = {isa = PBXFileReference; lastKnownFileType = sourcecode.swift; path = AddItemsView.swift; sourceTree = "<group>"; };
		8BB970F729DA0B7F00D69BCF /* GameDetailView.swift */ = {isa = PBXFileReference; lastKnownFileType = sourcecode.swift; path = GameDetailView.swift; sourceTree = "<group>"; };
		8BB970F929DA0BA600D69BCF /* Game.swift */ = {isa = PBXFileReference; lastKnownFileType = sourcecode.swift; path = Game.swift; sourceTree = "<group>"; };
		8BB970FB29DA10BD00D69BCF /* Modifiers.swift */ = {isa = PBXFileReference; lastKnownFileType = sourcecode.swift; path = Modifiers.swift; sourceTree = "<group>"; };
		8BB970FE29DA9FCD00D69BCF /* DataService.swift */ = {isa = PBXFileReference; fileEncoding = 4; lastKnownFileType = sourcecode.swift; path = DataService.swift; sourceTree = "<group>"; };
		8BB970FF29DA9FCD00D69BCF /* ApiService.swift */ = {isa = PBXFileReference; fileEncoding = 4; lastKnownFileType = sourcecode.swift; path = ApiService.swift; sourceTree = "<group>"; };
		8BB9710229DAA02100D69BCF /* APIEndpoint.swift */ = {isa = PBXFileReference; fileEncoding = 4; lastKnownFileType = sourcecode.swift; path = APIEndpoint.swift; sourceTree = "<group>"; };
		8BB9710429DAA0A000D69BCF /* AppError.swift */ = {isa = PBXFileReference; lastKnownFileType = sourcecode.swift; path = AppError.swift; sourceTree = "<group>"; };
		8BB9710629DAA21A00D69BCF /* Image.swift */ = {isa = PBXFileReference; lastKnownFileType = sourcecode.swift; path = Image.swift; sourceTree = "<group>"; };
		8BB9710829DAA34A00D69BCF /* Team.swift */ = {isa = PBXFileReference; lastKnownFileType = sourcecode.swift; path = Team.swift; sourceTree = "<group>"; };
		8BB9710A29DAA3B300D69BCF /* User.swift */ = {isa = PBXFileReference; lastKnownFileType = sourcecode.swift; path = User.swift; sourceTree = "<group>"; };
		8BB9710C29DAAA6500D69BCF /* CardView.swift */ = {isa = PBXFileReference; lastKnownFileType = sourcecode.swift; path = CardView.swift; sourceTree = "<group>"; };
		8BB9710F29DAC31700D69BCF /* GamesView.swift */ = {isa = PBXFileReference; lastKnownFileType = sourcecode.swift; path = GamesView.swift; sourceTree = "<group>"; };
		8BB9711229DB3DA100D69BCF /* DashViewModel.swift */ = {isa = PBXFileReference; fileEncoding = 4; lastKnownFileType = sourcecode.swift; path = DashViewModel.swift; sourceTree = "<group>"; };
		8BB9711329DB3DA100D69BCF /* GameViewModel.swift */ = {isa = PBXFileReference; fileEncoding = 4; lastKnownFileType = sourcecode.swift; path = GameViewModel.swift; sourceTree = "<group>"; };
		8BB9711529DB3DA100D69BCF /* AuthViewModel.swift */ = {isa = PBXFileReference; fileEncoding = 4; lastKnownFileType = sourcecode.swift; path = AuthViewModel.swift; sourceTree = "<group>"; };
		8BB9711629DB3DA100D69BCF /* TeamViewModel.swift */ = {isa = PBXFileReference; fileEncoding = 4; lastKnownFileType = sourcecode.swift; path = TeamViewModel.swift; sourceTree = "<group>"; };
		8BB9711829DB3DA100D69BCF /* PlayGameViewModel.swift */ = {isa = PBXFileReference; fileEncoding = 4; lastKnownFileType = sourcecode.swift; path = PlayGameViewModel.swift; sourceTree = "<group>"; };
		8BB9712629DC297900D69BCF /* LoginView.swift */ = {isa = PBXFileReference; lastKnownFileType = sourcecode.swift; path = LoginView.swift; sourceTree = "<group>"; };
		8BB9712929DC3BBF00D69BCF /* SignInWithAppleView.swift */ = {isa = PBXFileReference; fileEncoding = 4; lastKnownFileType = sourcecode.swift; path = SignInWithAppleView.swift; sourceTree = "<group>"; };
		8BBDE09F29D458C600A694B2 /* ScavengerHunt.app */ = {isa = PBXFileReference; explicitFileType = wrapper.application; includeInIndex = 0; path = ScavengerHunt.app; sourceTree = BUILT_PRODUCTS_DIR; };
		8BBDE0A229D458C600A694B2 /* ScavengerHuntApp.swift */ = {isa = PBXFileReference; lastKnownFileType = sourcecode.swift; path = ScavengerHuntApp.swift; sourceTree = "<group>"; };
		8BBDE0A429D458C600A694B2 /* RootView.swift */ = {isa = PBXFileReference; lastKnownFileType = sourcecode.swift; path = RootView.swift; sourceTree = "<group>"; };
		8BBDE0A629D458C800A694B2 /* Assets.xcassets */ = {isa = PBXFileReference; lastKnownFileType = folder.assetcatalog; path = Assets.xcassets; sourceTree = "<group>"; };
		8BBDE0A929D458C800A694B2 /* Preview Assets.xcassets */ = {isa = PBXFileReference; lastKnownFileType = folder.assetcatalog; path = "Preview Assets.xcassets"; sourceTree = "<group>"; };
		8BCFB9AC29DE8FD70014422F /* TabBarView.swift */ = {isa = PBXFileReference; lastKnownFileType = sourcecode.swift; path = TabBarView.swift; sourceTree = "<group>"; };
		8BCFB9AE29DED76C0014422F /* AddGameView.swift */ = {isa = PBXFileReference; lastKnownFileType = sourcecode.swift; path = AddGameView.swift; sourceTree = "<group>"; };
		8BCFB9B029E15ADD0014422F /* MapView.swift */ = {isa = PBXFileReference; lastKnownFileType = sourcecode.swift; path = MapView.swift; sourceTree = "<group>"; };
		8BCFB9B429E188CB0014422F /* Info.plist */ = {isa = PBXFileReference; lastKnownFileType = text.plist; path = Info.plist; sourceTree = "<group>"; };
		8BCFB9B629E1C45A0014422F /* MapKit.framework */ = {isa = PBXFileReference; lastKnownFileType = wrapper.framework; name = MapKit.framework; path = System/Library/Frameworks/MapKit.framework; sourceTree = SDKROOT; };
		8BCFB9BE29E3EC250014422F /* LocationService.swift */ = {isa = PBXFileReference; lastKnownFileType = sourcecode.swift; path = LocationService.swift; sourceTree = "<group>"; };
/* End PBXFileReference section */

/* Begin PBXFrameworksBuildPhase section */
		8BBDE09C29D458C600A694B2 /* Frameworks */ = {
			isa = PBXFrameworksBuildPhase;
			buildActionMask = 2147483647;
			files = (
				8B18A11429EFAE8F00D841A3 /* NukeUI in Frameworks */,
				8B18A11629EFAE8F00D841A3 /* NukeVideo in Frameworks */,
				8B18A11029EFAE8F00D841A3 /* Nuke in Frameworks */,
				8B18A11229EFAE8F00D841A3 /* NukeExtensions in Frameworks */,
				8BCFB9BB29E1C5010014422F /* MapKit.framework in Frameworks */,
				8BB9712329DBECEB00D69BCF /* SignalRClient in Frameworks */,
			);
			runOnlyForDeploymentPostprocessing = 0;
		};
/* End PBXFrameworksBuildPhase section */

/* Begin PBXGroup section */
		8B03E15F29D470F70038CE4E /* Views */ = {
			isa = PBXGroup;
			children = (
				8BB9712829DC3BA200D69BCF /* SettingsTab */,
				8BB9710E29DAC30700D69BCF /* GamesTab */,
				8B03E16729D53CC20038CE4E /* DashTab */,
				8B03E16629D5371A0038CE4E /* Modifiers */,
				8BCFB9AC29DE8FD70014422F /* TabBarView.swift */,
				8B9823D02A14D715001AFB58 /* AddItemsView.swift */,
			);
			path = Views;
			sourceTree = "<group>";
		};
		8B03E16029D470FE0038CE4E /* Models */ = {
			isa = PBXGroup;
			children = (
				8BB970F929DA0BA600D69BCF /* Game.swift */,
				8BB9710429DAA0A000D69BCF /* AppError.swift */,
				8BB9710629DAA21A00D69BCF /* Image.swift */,
				8BB9710829DAA34A00D69BCF /* Team.swift */,
				8BB9710A29DAA3B300D69BCF /* User.swift */,
			);
			path = Models;
			sourceTree = "<group>";
		};
		8B03E16129D471070038CE4E /* ViewModels */ = {
			isa = PBXGroup;
			children = (
				8BB9711529DB3DA100D69BCF /* AuthViewModel.swift */,
				8BB9711829DB3DA100D69BCF /* PlayGameViewModel.swift */,
				8BB9711329DB3DA100D69BCF /* GameViewModel.swift */,
				8BB9711229DB3DA100D69BCF /* DashViewModel.swift */,
				8BB9711629DB3DA100D69BCF /* TeamViewModel.swift */,
				8B6397E72A1DCC0600D93F71 /* AddItemsViewModel.swift */,
				8B51A7652A247F4100184C29 /* ProfileViewModel.swift */,
			);
			path = ViewModels;
			sourceTree = "<group>";
		};
		8B03E16629D5371A0038CE4E /* Modifiers */ = {
			isa = PBXGroup;
			children = (
				8B66290229E7E6060046DECD /* ImagePicker.swift */,
				8BB970FB29DA10BD00D69BCF /* Modifiers.swift */,
				8B90DF9429DD59A7008FE03A /* ReusableViews.swift */,
				8B1E568F29E5658700C1DE36 /* MapIcon.swift */,
				8B66290429EEC2800046DECD /* ImageView.swift */,
				8B2D03C32A27302B00CDEBBA /* CircleMap.swift */,
			);
			path = Modifiers;
			sourceTree = "<group>";
		};
		8B03E16729D53CC20038CE4E /* DashTab */ = {
			isa = PBXGroup;
			children = (
				8B03E16229D471170038CE4E /* DashView.swift */,
				8BB9710C29DAAA6500D69BCF /* CardView.swift */,
				8B458ADB29F395C600857CEA /* XPLevelView.swift */,
			);
			path = DashTab;
			sourceTree = "<group>";
		};
		8BB970FD29DA9F9600D69BCF /* Services */ = {
			isa = PBXGroup;
			children = (
				8B6D9A452A1492AB00C14CD8 /* ImageProcessor.swift */,
				8BB9710229DAA02100D69BCF /* APIEndpoint.swift */,
				8BB970FF29DA9FCD00D69BCF /* ApiService.swift */,
				8BB970FE29DA9FCD00D69BCF /* DataService.swift */,
				8BCFB9BE29E3EC250014422F /* LocationService.swift */,
			);
			path = Services;
			sourceTree = "<group>";
		};
		8BB9710E29DAC30700D69BCF /* GamesTab */ = {
			isa = PBXGroup;
			children = (
				8BB970F729DA0B7F00D69BCF /* GameDetailView.swift */,
				8BB9710F29DAC31700D69BCF /* GamesView.swift */,
				8BCFB9AE29DED76C0014422F /* AddGameView.swift */,
				8BCFB9B029E15ADD0014422F /* MapView.swift */,
				8B458AD929F2A52A00857CEA /* GamesListView.swift */,
				8B458ADD29F8002100857CEA /* EditGameView.swift */,
				8B2D03C12A26715F00CDEBBA /* PlayGameView.swift */,
			);
			path = GamesTab;
			sourceTree = "<group>";
		};
		8BB9712829DC3BA200D69BCF /* SettingsTab */ = {
			isa = PBXGroup;
			children = (
				8BB9712629DC297900D69BCF /* LoginView.swift */,
				8BB9712929DC3BBF00D69BCF /* SignInWithAppleView.swift */,
				8B51A7632A24754C00184C29 /* ProfileView.swift */,
			);
			path = SettingsTab;
			sourceTree = "<group>";
		};
		8BBDE09629D458C600A694B2 = {
			isa = PBXGroup;
			children = (
				8BBDE0A129D458C600A694B2 /* ScavengerHunt */,
				8BBDE0A029D458C600A694B2 /* Products */,
				8BCFB9B529E1C4590014422F /* Frameworks */,
			);
			sourceTree = "<group>";
		};
		8BBDE0A029D458C600A694B2 /* Products */ = {
			isa = PBXGroup;
			children = (
				8BBDE09F29D458C600A694B2 /* ScavengerHunt.app */,
			);
			name = Products;
			sourceTree = "<group>";
		};
		8BBDE0A129D458C600A694B2 /* ScavengerHunt */ = {
			isa = PBXGroup;
			children = (
				8BCFB9B429E188CB0014422F /* Info.plist */,
				8BB970FD29DA9F9600D69BCF /* Services */,
				8B03E16129D471070038CE4E /* ViewModels */,
				8B03E16029D470FE0038CE4E /* Models */,
				8B03E15F29D470F70038CE4E /* Views */,
				8B07F55F29D45A0500D54F94 /* ScavengerHunt.entitlements */,
				8BBDE0A229D458C600A694B2 /* ScavengerHuntApp.swift */,
				8BBDE0A429D458C600A694B2 /* RootView.swift */,
				8BBDE0A629D458C800A694B2 /* Assets.xcassets */,
				8BBDE0A829D458C800A694B2 /* Preview Content */,
				8B1337BD2A260CD700493604 /* secrets.plist */,
			);
			path = ScavengerHunt;
			sourceTree = "<group>";
		};
		8BBDE0A829D458C800A694B2 /* Preview Content */ = {
			isa = PBXGroup;
			children = (
				8BBDE0A929D458C800A694B2 /* Preview Assets.xcassets */,
			);
			path = "Preview Content";
			sourceTree = "<group>";
		};
		8BCFB9B529E1C4590014422F /* Frameworks */ = {
			isa = PBXGroup;
			children = (
				8BCFB9B629E1C45A0014422F /* MapKit.framework */,
			);
			name = Frameworks;
			sourceTree = "<group>";
		};
/* End PBXGroup section */

/* Begin PBXNativeTarget section */
		8BBDE09E29D458C600A694B2 /* ScavengerHunt */ = {
			isa = PBXNativeTarget;
			buildConfigurationList = 8BBDE0AD29D458C800A694B2 /* Build configuration list for PBXNativeTarget "ScavengerHunt" */;
			buildPhases = (
				8BBDE09B29D458C600A694B2 /* Sources */,
				8BBDE09C29D458C600A694B2 /* Frameworks */,
				8BBDE09D29D458C600A694B2 /* Resources */,
			);
			buildRules = (
			);
			dependencies = (
			);
			name = ScavengerHunt;
			packageProductDependencies = (
				8BB9712229DBECEB00D69BCF /* SignalRClient */,
				8B18A10F29EFAE8F00D841A3 /* Nuke */,
				8B18A11129EFAE8F00D841A3 /* NukeExtensions */,
				8B18A11329EFAE8F00D841A3 /* NukeUI */,
				8B18A11529EFAE8F00D841A3 /* NukeVideo */,
			);
			productName = ScavengerHunt;
			productReference = 8BBDE09F29D458C600A694B2 /* ScavengerHunt.app */;
			productType = "com.apple.product-type.application";
		};
/* End PBXNativeTarget section */

/* Begin PBXProject section */
		8BBDE09729D458C600A694B2 /* Project object */ = {
			isa = PBXProject;
			attributes = {
				BuildIndependentTargetsInParallel = 1;
				LastSwiftUpdateCheck = 1420;
				LastUpgradeCheck = 1420;
				TargetAttributes = {
					8BBDE09E29D458C600A694B2 = {
						CreatedOnToolsVersion = 14.2;
					};
				};
			};
			buildConfigurationList = 8BBDE09A29D458C600A694B2 /* Build configuration list for PBXProject "ScavengerHunt" */;
			compatibilityVersion = "Xcode 14.0";
			developmentRegion = en;
			hasScannedForEncodings = 0;
			knownRegions = (
				en,
				Base,
			);
			mainGroup = 8BBDE09629D458C600A694B2;
			packageReferences = (
				8BB9712129DBECEB00D69BCF /* XCRemoteSwiftPackageReference "SignalR-Client-Swift" */,
				8B18A10E29EFAE8F00D841A3 /* XCRemoteSwiftPackageReference "Nuke" */,
			);
			productRefGroup = 8BBDE0A029D458C600A694B2 /* Products */;
			projectDirPath = "";
			projectRoot = "";
			targets = (
				8BBDE09E29D458C600A694B2 /* ScavengerHunt */,
			);
		};
/* End PBXProject section */

/* Begin PBXResourcesBuildPhase section */
		8BBDE09D29D458C600A694B2 /* Resources */ = {
			isa = PBXResourcesBuildPhase;
			buildActionMask = 2147483647;
			files = (
				8BBDE0AA29D458C800A694B2 /* Preview Assets.xcassets in Resources */,
				8B1337BE2A260CD700493604 /* secrets.plist in Resources */,
				8BBDE0A729D458C800A694B2 /* Assets.xcassets in Resources */,
			);
			runOnlyForDeploymentPostprocessing = 0;
		};
/* End PBXResourcesBuildPhase section */

/* Begin PBXSourcesBuildPhase section */
		8BBDE09B29D458C600A694B2 /* Sources */ = {
			isa = PBXSourcesBuildPhase;
			buildActionMask = 2147483647;
			files = (
				8B03E16329D471170038CE4E /* DashView.swift in Sources */,
				8BCFB9AD29DE8FD70014422F /* TabBarView.swift in Sources */,
				8B9823D12A14D715001AFB58 /* AddItemsView.swift in Sources */,
				8BB9711A29DB3DA100D69BCF /* DashViewModel.swift in Sources */,
				8BB9710729DAA21A00D69BCF /* Image.swift in Sources */,
				8B51A7642A24754C00184C29 /* ProfileView.swift in Sources */,
				8BB9711E29DB3DA100D69BCF /* TeamViewModel.swift in Sources */,
				8B6397E82A1DCC0600D93F71 /* AddItemsViewModel.swift in Sources */,
				8BCFB9AF29DED76C0014422F /* AddGameView.swift in Sources */,
				8BB9711029DAC31700D69BCF /* GamesView.swift in Sources */,
				8BB9712729DC297900D69BCF /* LoginView.swift in Sources */,
				8BB9710929DAA34A00D69BCF /* Team.swift in Sources */,
				8B6D9A462A1492AB00C14CD8 /* ImageProcessor.swift in Sources */,
				8BB970FA29DA0BA600D69BCF /* Game.swift in Sources */,
				8BB9710D29DAAA6500D69BCF /* CardView.swift in Sources */,
				8BB970FC29DA10BD00D69BCF /* Modifiers.swift in Sources */,
				8B90DF9529DD59A7008FE03A /* ReusableViews.swift in Sources */,
				8B1E569029E5658700C1DE36 /* MapIcon.swift in Sources */,
				8BCFB9B129E15ADD0014422F /* MapView.swift in Sources */,
				8B51A7662A247F4100184C29 /* ProfileViewModel.swift in Sources */,
				8BBDE0A529D458C600A694B2 /* RootView.swift in Sources */,
				8B66290329E7E6060046DECD /* ImagePicker.swift in Sources */,
				8B458ADC29F395C600857CEA /* XPLevelView.swift in Sources */,
				8BB9710B29DAA3B300D69BCF /* User.swift in Sources */,
				8B66290529EEC2800046DECD /* ImageView.swift in Sources */,
				8BB9710129DA9FCD00D69BCF /* ApiService.swift in Sources */,
				8B2D03C42A27302B00CDEBBA /* CircleMap.swift in Sources */,
				8BB9712029DB3DA100D69BCF /* PlayGameViewModel.swift in Sources */,
				8BB9712A29DC3BBF00D69BCF /* SignInWithAppleView.swift in Sources */,
				8B458ADE29F8002100857CEA /* EditGameView.swift in Sources */,
				8BB970F829DA0B7F00D69BCF /* GameDetailView.swift in Sources */,
				8B2D03C22A26715F00CDEBBA /* PlayGameView.swift in Sources */,
				8BBDE0A329D458C600A694B2 /* ScavengerHuntApp.swift in Sources */,
				8BB9710529DAA0A000D69BCF /* AppError.swift in Sources */,
				8BB9711B29DB3DA100D69BCF /* GameViewModel.swift in Sources */,
				8BB9711D29DB3DA100D69BCF /* AuthViewModel.swift in Sources */,
				8BB9710029DA9FCD00D69BCF /* DataService.swift in Sources */,
				8B458ADA29F2A52A00857CEA /* GamesListView.swift in Sources */,
				8BB9710329DAA02200D69BCF /* APIEndpoint.swift in Sources */,
				8BCFB9BF29E3EC250014422F /* LocationService.swift in Sources */,
			);
			runOnlyForDeploymentPostprocessing = 0;
		};
/* End PBXSourcesBuildPhase section */

/* Begin XCBuildConfiguration section */
		8BBDE0AB29D458C800A694B2 /* Debug */ = {
			isa = XCBuildConfiguration;
			buildSettings = {
				ALWAYS_SEARCH_USER_PATHS = NO;
				CLANG_ANALYZER_NONNULL = YES;
				CLANG_ANALYZER_NUMBER_OBJECT_CONVERSION = YES_AGGRESSIVE;
				CLANG_CXX_LANGUAGE_STANDARD = "gnu++20";
				CLANG_ENABLE_MODULES = YES;
				CLANG_ENABLE_OBJC_ARC = YES;
				CLANG_ENABLE_OBJC_WEAK = YES;
				CLANG_WARN_BLOCK_CAPTURE_AUTORELEASING = YES;
				CLANG_WARN_BOOL_CONVERSION = YES;
				CLANG_WARN_COMMA = YES;
				CLANG_WARN_CONSTANT_CONVERSION = YES;
				CLANG_WARN_DEPRECATED_OBJC_IMPLEMENTATIONS = YES;
				CLANG_WARN_DIRECT_OBJC_ISA_USAGE = YES_ERROR;
				CLANG_WARN_DOCUMENTATION_COMMENTS = YES;
				CLANG_WARN_EMPTY_BODY = YES;
				CLANG_WARN_ENUM_CONVERSION = YES;
				CLANG_WARN_INFINITE_RECURSION = YES;
				CLANG_WARN_INT_CONVERSION = YES;
				CLANG_WARN_NON_LITERAL_NULL_CONVERSION = YES;
				CLANG_WARN_OBJC_IMPLICIT_RETAIN_SELF = YES;
				CLANG_WARN_OBJC_LITERAL_CONVERSION = YES;
				CLANG_WARN_OBJC_ROOT_CLASS = YES_ERROR;
				CLANG_WARN_QUOTED_INCLUDE_IN_FRAMEWORK_HEADER = YES;
				CLANG_WARN_RANGE_LOOP_ANALYSIS = YES;
				CLANG_WARN_STRICT_PROTOTYPES = YES;
				CLANG_WARN_SUSPICIOUS_MOVE = YES;
				CLANG_WARN_UNGUARDED_AVAILABILITY = YES_AGGRESSIVE;
				CLANG_WARN_UNREACHABLE_CODE = YES;
				CLANG_WARN__DUPLICATE_METHOD_MATCH = YES;
				COPY_PHASE_STRIP = NO;
				DEBUG_INFORMATION_FORMAT = dwarf;
				ENABLE_STRICT_OBJC_MSGSEND = YES;
				ENABLE_TESTABILITY = YES;
				GCC_C_LANGUAGE_STANDARD = gnu11;
				GCC_DYNAMIC_NO_PIC = NO;
				GCC_NO_COMMON_BLOCKS = YES;
				GCC_OPTIMIZATION_LEVEL = 0;
				GCC_PREPROCESSOR_DEFINITIONS = (
					"DEBUG=1",
					"$(inherited)",
				);
				GCC_WARN_64_TO_32_BIT_CONVERSION = YES;
				GCC_WARN_ABOUT_RETURN_TYPE = YES_ERROR;
				GCC_WARN_UNDECLARED_SELECTOR = YES;
				GCC_WARN_UNINITIALIZED_AUTOS = YES_AGGRESSIVE;
				GCC_WARN_UNUSED_FUNCTION = YES;
				GCC_WARN_UNUSED_VARIABLE = YES;
				IPHONEOS_DEPLOYMENT_TARGET = 16.2;
				MTL_ENABLE_DEBUG_INFO = INCLUDE_SOURCE;
				MTL_FAST_MATH = YES;
				ONLY_ACTIVE_ARCH = YES;
				SDKROOT = iphoneos;
				SWIFT_ACTIVE_COMPILATION_CONDITIONS = DEBUG;
				SWIFT_OPTIMIZATION_LEVEL = "-Onone";
			};
			name = Debug;
		};
		8BBDE0AC29D458C800A694B2 /* Release */ = {
			isa = XCBuildConfiguration;
			buildSettings = {
				ALWAYS_SEARCH_USER_PATHS = NO;
				CLANG_ANALYZER_NONNULL = YES;
				CLANG_ANALYZER_NUMBER_OBJECT_CONVERSION = YES_AGGRESSIVE;
				CLANG_CXX_LANGUAGE_STANDARD = "gnu++20";
				CLANG_ENABLE_MODULES = YES;
				CLANG_ENABLE_OBJC_ARC = YES;
				CLANG_ENABLE_OBJC_WEAK = YES;
				CLANG_WARN_BLOCK_CAPTURE_AUTORELEASING = YES;
				CLANG_WARN_BOOL_CONVERSION = YES;
				CLANG_WARN_COMMA = YES;
				CLANG_WARN_CONSTANT_CONVERSION = YES;
				CLANG_WARN_DEPRECATED_OBJC_IMPLEMENTATIONS = YES;
				CLANG_WARN_DIRECT_OBJC_ISA_USAGE = YES_ERROR;
				CLANG_WARN_DOCUMENTATION_COMMENTS = YES;
				CLANG_WARN_EMPTY_BODY = YES;
				CLANG_WARN_ENUM_CONVERSION = YES;
				CLANG_WARN_INFINITE_RECURSION = YES;
				CLANG_WARN_INT_CONVERSION = YES;
				CLANG_WARN_NON_LITERAL_NULL_CONVERSION = YES;
				CLANG_WARN_OBJC_IMPLICIT_RETAIN_SELF = YES;
				CLANG_WARN_OBJC_LITERAL_CONVERSION = YES;
				CLANG_WARN_OBJC_ROOT_CLASS = YES_ERROR;
				CLANG_WARN_QUOTED_INCLUDE_IN_FRAMEWORK_HEADER = YES;
				CLANG_WARN_RANGE_LOOP_ANALYSIS = YES;
				CLANG_WARN_STRICT_PROTOTYPES = YES;
				CLANG_WARN_SUSPICIOUS_MOVE = YES;
				CLANG_WARN_UNGUARDED_AVAILABILITY = YES_AGGRESSIVE;
				CLANG_WARN_UNREACHABLE_CODE = YES;
				CLANG_WARN__DUPLICATE_METHOD_MATCH = YES;
				COPY_PHASE_STRIP = NO;
				DEBUG_INFORMATION_FORMAT = "dwarf-with-dsym";
				ENABLE_NS_ASSERTIONS = NO;
				ENABLE_STRICT_OBJC_MSGSEND = YES;
				GCC_C_LANGUAGE_STANDARD = gnu11;
				GCC_NO_COMMON_BLOCKS = YES;
				GCC_WARN_64_TO_32_BIT_CONVERSION = YES;
				GCC_WARN_ABOUT_RETURN_TYPE = YES_ERROR;
				GCC_WARN_UNDECLARED_SELECTOR = YES;
				GCC_WARN_UNINITIALIZED_AUTOS = YES_AGGRESSIVE;
				GCC_WARN_UNUSED_FUNCTION = YES;
				GCC_WARN_UNUSED_VARIABLE = YES;
				IPHONEOS_DEPLOYMENT_TARGET = 16.2;
				MTL_ENABLE_DEBUG_INFO = NO;
				MTL_FAST_MATH = YES;
				SDKROOT = iphoneos;
				SWIFT_COMPILATION_MODE = wholemodule;
				SWIFT_OPTIMIZATION_LEVEL = "-O";
				VALIDATE_PRODUCT = YES;
			};
			name = Release;
		};
		8BBDE0AE29D458C800A694B2 /* Debug */ = {
			isa = XCBuildConfiguration;
			buildSettings = {
				ASSETCATALOG_COMPILER_APPICON_NAME = AppIcon;
				ASSETCATALOG_COMPILER_GLOBAL_ACCENT_COLOR_NAME = AccentColor;
				CODE_SIGN_ENTITLEMENTS = ScavengerHunt/ScavengerHunt.entitlements;
				CODE_SIGN_STYLE = Automatic;
				CURRENT_PROJECT_VERSION = 1;
				DEVELOPMENT_ASSET_PATHS = "\"ScavengerHunt/Preview Content\"";
				DEVELOPMENT_TEAM = Q3XNR6NH4H;
				ENABLE_PREVIEWS = YES;
				FRAMEWORK_SEARCH_PATHS = (
					"$(inherited)",
					"$(PROJECT_DIR)",
				);
				GENERATE_INFOPLIST_FILE = YES;
				INFOPLIST_FILE = ScavengerHunt/Info.plist;
				INFOPLIST_KEY_CFBundleDisplayName = "Scavenger Hunt";
				INFOPLIST_KEY_LSApplicationCategoryType = "public.app-category.puzzle-games";
				INFOPLIST_KEY_NSCameraUsageDescription = "Scavenger Hunt needs your Camera to capture images";
				INFOPLIST_KEY_NSLocationWhenInUseUsageDescription = "Scavenger Hunt needs your location to show places near you.";
				INFOPLIST_KEY_UIApplicationSceneManifest_Generation = YES;
				INFOPLIST_KEY_UIApplicationSupportsIndirectInputEvents = YES;
				INFOPLIST_KEY_UILaunchScreen_Generation = YES;
				INFOPLIST_KEY_UIRequiresFullScreen = NO;
				INFOPLIST_KEY_UIStatusBarStyle = "";
				INFOPLIST_KEY_UISupportedInterfaceOrientations_iPad = "UIInterfaceOrientationPortrait UIInterfaceOrientationPortraitUpsideDown UIInterfaceOrientationLandscapeLeft UIInterfaceOrientationLandscapeRight";
				INFOPLIST_KEY_UISupportedInterfaceOrientations_iPhone = "UIInterfaceOrientationPortrait UIInterfaceOrientationLandscapeLeft UIInterfaceOrientationLandscapeRight";
				INFOPLIST_KEY_UISupportsDocumentBrowser = NO;
				LD_RUNPATH_SEARCH_PATHS = (
					"$(inherited)",
					"@executable_path/Frameworks",
				);
				MARKETING_VERSION = 1.0;
				PRODUCT_BUNDLE_IDENTIFIER = com.jerishbovas.scavengerhunt;
				PRODUCT_NAME = "$(TARGET_NAME)";
				SWIFT_EMIT_LOC_STRINGS = YES;
				SWIFT_VERSION = 5.0;
				TARGETED_DEVICE_FAMILY = "1,2";
			};
			name = Debug;
		};
		8BBDE0AF29D458C800A694B2 /* Release */ = {
			isa = XCBuildConfiguration;
			buildSettings = {
				ASSETCATALOG_COMPILER_APPICON_NAME = AppIcon;
				ASSETCATALOG_COMPILER_GLOBAL_ACCENT_COLOR_NAME = AccentColor;
				CODE_SIGN_ENTITLEMENTS = ScavengerHunt/ScavengerHunt.entitlements;
				CODE_SIGN_STYLE = Automatic;
				CURRENT_PROJECT_VERSION = 1;
				DEVELOPMENT_ASSET_PATHS = "\"ScavengerHunt/Preview Content\"";
				DEVELOPMENT_TEAM = Q3XNR6NH4H;
				ENABLE_PREVIEWS = YES;
				FRAMEWORK_SEARCH_PATHS = (
					"$(inherited)",
					"$(PROJECT_DIR)",
				);
				GENERATE_INFOPLIST_FILE = YES;
				INFOPLIST_FILE = ScavengerHunt/Info.plist;
				INFOPLIST_KEY_CFBundleDisplayName = "Scavenger Hunt";
				INFOPLIST_KEY_LSApplicationCategoryType = "public.app-category.puzzle-games";
				INFOPLIST_KEY_NSCameraUsageDescription = "Scavenger Hunt needs your Camera to capture images";
				INFOPLIST_KEY_NSLocationWhenInUseUsageDescription = "Scavenger Hunt needs your location to show places near you.";
				INFOPLIST_KEY_UIApplicationSceneManifest_Generation = YES;
				INFOPLIST_KEY_UIApplicationSupportsIndirectInputEvents = YES;
				INFOPLIST_KEY_UILaunchScreen_Generation = YES;
				INFOPLIST_KEY_UIRequiresFullScreen = NO;
				INFOPLIST_KEY_UIStatusBarStyle = "";
				INFOPLIST_KEY_UISupportedInterfaceOrientations_iPad = "UIInterfaceOrientationPortrait UIInterfaceOrientationPortraitUpsideDown UIInterfaceOrientationLandscapeLeft UIInterfaceOrientationLandscapeRight";
				INFOPLIST_KEY_UISupportedInterfaceOrientations_iPhone = "UIInterfaceOrientationPortrait UIInterfaceOrientationLandscapeLeft UIInterfaceOrientationLandscapeRight";
				INFOPLIST_KEY_UISupportsDocumentBrowser = NO;
				LD_RUNPATH_SEARCH_PATHS = (
					"$(inherited)",
					"@executable_path/Frameworks",
				);
				MARKETING_VERSION = 1.0;
				PRODUCT_BUNDLE_IDENTIFIER = com.jerishbovas.scavengerhunt;
				PRODUCT_NAME = "$(TARGET_NAME)";
				SWIFT_EMIT_LOC_STRINGS = YES;
				SWIFT_VERSION = 5.0;
				TARGETED_DEVICE_FAMILY = "1,2";
			};
			name = Release;
		};
/* End XCBuildConfiguration section */

/* Begin XCConfigurationList section */
		8BBDE09A29D458C600A694B2 /* Build configuration list for PBXProject "ScavengerHunt" */ = {
			isa = XCConfigurationList;
			buildConfigurations = (
				8BBDE0AB29D458C800A694B2 /* Debug */,
				8BBDE0AC29D458C800A694B2 /* Release */,
			);
			defaultConfigurationIsVisible = 0;
			defaultConfigurationName = Release;
		};
		8BBDE0AD29D458C800A694B2 /* Build configuration list for PBXNativeTarget "ScavengerHunt" */ = {
			isa = XCConfigurationList;
			buildConfigurations = (
				8BBDE0AE29D458C800A694B2 /* Debug */,
				8BBDE0AF29D458C800A694B2 /* Release */,
			);
			defaultConfigurationIsVisible = 0;
			defaultConfigurationName = Release;
		};
/* End XCConfigurationList section */

/* Begin XCRemoteSwiftPackageReference section */
		8B18A10E29EFAE8F00D841A3 /* XCRemoteSwiftPackageReference "Nuke" */ = {
			isa = XCRemoteSwiftPackageReference;
			repositoryURL = "https://github.com/kean/Nuke";
			requirement = {
				kind = upToNextMajorVersion;
				minimumVersion = 12.0.0;
			};
		};
		8BB9712129DBECEB00D69BCF /* XCRemoteSwiftPackageReference "SignalR-Client-Swift" */ = {
			isa = XCRemoteSwiftPackageReference;
			repositoryURL = "https://github.com/moozzyk/SignalR-Client-Swift";
			requirement = {
				kind = upToNextMinorVersion;
				minimumVersion = 0.6.0;
			};
		};
/* End XCRemoteSwiftPackageReference section */

/* Begin XCSwiftPackageProductDependency section */
		8B18A10F29EFAE8F00D841A3 /* Nuke */ = {
			isa = XCSwiftPackageProductDependency;
			package = 8B18A10E29EFAE8F00D841A3 /* XCRemoteSwiftPackageReference "Nuke" */;
			productName = Nuke;
		};
		8B18A11129EFAE8F00D841A3 /* NukeExtensions */ = {
			isa = XCSwiftPackageProductDependency;
			package = 8B18A10E29EFAE8F00D841A3 /* XCRemoteSwiftPackageReference "Nuke" */;
			productName = NukeExtensions;
		};
		8B18A11329EFAE8F00D841A3 /* NukeUI */ = {
			isa = XCSwiftPackageProductDependency;
			package = 8B18A10E29EFAE8F00D841A3 /* XCRemoteSwiftPackageReference "Nuke" */;
			productName = NukeUI;
		};
		8B18A11529EFAE8F00D841A3 /* NukeVideo */ = {
			isa = XCSwiftPackageProductDependency;
			package = 8B18A10E29EFAE8F00D841A3 /* XCRemoteSwiftPackageReference "Nuke" */;
			productName = NukeVideo;
		};
		8BB9712229DBECEB00D69BCF /* SignalRClient */ = {
			isa = XCSwiftPackageProductDependency;
			package = 8BB9712129DBECEB00D69BCF /* XCRemoteSwiftPackageReference "SignalR-Client-Swift" */;
			productName = SignalRClient;
		};
/* End XCSwiftPackageProductDependency section */
	};
	rootObject = 8BBDE09729D458C600A694B2 /* Project object */;
}
