// !$*UTF8*$!
{
	archiveVersion = 1;
	classes = {
	};
	objectVersion = 55;
	objects = {

/* Begin PBXBuildFile section */
		8B3983D428184D3000F381FE /* MainView.swift in Sources */ = {isa = PBXBuildFile; fileRef = 8B3983D328184D3000F381FE /* MainView.swift */; };
		8B3983D82819AD2300F381FE /* ShareSheet.swift in Sources */ = {isa = PBXBuildFile; fileRef = 8B3983D72819AD2300F381FE /* ShareSheet.swift */; };
		8B3983DA2819D1C200F381FE /* SheetView.swift in Sources */ = {isa = PBXBuildFile; fileRef = 8B3983D92819D1C200F381FE /* SheetView.swift */; };
		8B3983DC281AB52800F381FE /* FirstBootView.swift in Sources */ = {isa = PBXBuildFile; fileRef = 8B3983DB281AB52800F381FE /* FirstBootView.swift */; };
		8B3983DE281AE71A00F381FE /* BasicViewModel.swift in Sources */ = {isa = PBXBuildFile; fileRef = 8B3983DD281AE71A00F381FE /* BasicViewModel.swift */; };
		8B8C18CF280FA8C500D94AF5 /* TreasureventureApp.swift in Sources */ = {isa = PBXBuildFile; fileRef = 8B8C18CE280FA8C500D94AF5 /* TreasureventureApp.swift */; };
		8B8C18D1280FA8C500D94AF5 /* ContentView.swift in Sources */ = {isa = PBXBuildFile; fileRef = 8B8C18D0280FA8C500D94AF5 /* ContentView.swift */; };
		8B8C18D6280FA8C700D94AF5 /* Preview Assets.xcassets in Resources */ = {isa = PBXBuildFile; fileRef = 8B8C18D5280FA8C700D94AF5 /* Preview Assets.xcassets */; };
		8B8C19122810882200D94AF5 /* Location.swift in Sources */ = {isa = PBXBuildFile; fileRef = 8B8C19112810882200D94AF5 /* Location.swift */; };
		8B8C191628108FF700D94AF5 /* LocationsDataService.swift in Sources */ = {isa = PBXBuildFile; fileRef = 8B8C191528108FF700D94AF5 /* LocationsDataService.swift */; };
		8B8C19182810957500D94AF5 /* LocationsViewModel.swift in Sources */ = {isa = PBXBuildFile; fileRef = 8B8C19172810957500D94AF5 /* LocationsViewModel.swift */; };
		8B8C191A28109BF000D94AF5 /* LocationsView.swift in Sources */ = {isa = PBXBuildFile; fileRef = 8B8C191928109BF000D94AF5 /* LocationsView.swift */; };
		8B8C191F28109DAC00D94AF5 /* LocationDetailView.swift in Sources */ = {isa = PBXBuildFile; fileRef = 8B8C191B28109DAC00D94AF5 /* LocationDetailView.swift */; };
		8B8C192028109DAC00D94AF5 /* LocationMapAnnotationView.swift in Sources */ = {isa = PBXBuildFile; fileRef = 8B8C191C28109DAC00D94AF5 /* LocationMapAnnotationView.swift */; };
		8B8C192128109DAC00D94AF5 /* LocationPreviewView.swift in Sources */ = {isa = PBXBuildFile; fileRef = 8B8C191D28109DAC00D94AF5 /* LocationPreviewView.swift */; };
		8B8C192228109DAC00D94AF5 /* LocationsListView.swift in Sources */ = {isa = PBXBuildFile; fileRef = 8B8C191E28109DAC00D94AF5 /* LocationsListView.swift */; };
		8BCF20A2281200F1008DD809 /* CaptureImageView.swift in Sources */ = {isa = PBXBuildFile; fileRef = 8BCF20A1281200F1008DD809 /* CaptureImageView.swift */; };
		8BCF20A428120304008DD809 /* Coordinator.swift in Sources */ = {isa = PBXBuildFile; fileRef = 8BCF20A328120304008DD809 /* Coordinator.swift */; };
		8BCF20A828122A19008DD809 /* SuccessView.swift in Sources */ = {isa = PBXBuildFile; fileRef = 8BCF20A728122A19008DD809 /* SuccessView.swift */; };
		8BF68ADF2810D675006C1AED /* CardView.swift in Sources */ = {isa = PBXBuildFile; fileRef = 8BF68ADE2810D675006C1AED /* CardView.swift */; };
		8BF68AE12810E5D8006C1AED /* RatingView.swift in Sources */ = {isa = PBXBuildFile; fileRef = 8BF68AE02810E5D8006C1AED /* RatingView.swift */; };
		8BF68AE42810FBD9006C1AED /* StartView.swift in Sources */ = {isa = PBXBuildFile; fileRef = 8BF68AE32810FBD9006C1AED /* StartView.swift */; };
		8BF68AE628110A3B006C1AED /* SliderView.swift in Sources */ = {isa = PBXBuildFile; fileRef = 8BF68AE528110A3B006C1AED /* SliderView.swift */; };
		8BF68AE82811A6EA006C1AED /* Assets.xcassets in Resources */ = {isa = PBXBuildFile; fileRef = 8BF68AE72811A6EA006C1AED /* Assets.xcassets */; };
/* End PBXBuildFile section */

/* Begin PBXFileReference section */
		8B3983D328184D3000F381FE /* MainView.swift */ = {isa = PBXFileReference; lastKnownFileType = sourcecode.swift; path = MainView.swift; sourceTree = "<group>"; };
		8B3983D72819AD2300F381FE /* ShareSheet.swift */ = {isa = PBXFileReference; lastKnownFileType = sourcecode.swift; path = ShareSheet.swift; sourceTree = "<group>"; };
		8B3983D92819D1C200F381FE /* SheetView.swift */ = {isa = PBXFileReference; lastKnownFileType = sourcecode.swift; path = SheetView.swift; sourceTree = "<group>"; };
		8B3983DB281AB52800F381FE /* FirstBootView.swift */ = {isa = PBXFileReference; lastKnownFileType = sourcecode.swift; path = FirstBootView.swift; sourceTree = "<group>"; };
		8B3983DD281AE71A00F381FE /* BasicViewModel.swift */ = {isa = PBXFileReference; lastKnownFileType = sourcecode.swift; path = BasicViewModel.swift; sourceTree = "<group>"; };
		8B8C18CB280FA8C500D94AF5 /* Treasureventure.app */ = {isa = PBXFileReference; explicitFileType = wrapper.application; includeInIndex = 0; path = Treasureventure.app; sourceTree = BUILT_PRODUCTS_DIR; };
		8B8C18CE280FA8C500D94AF5 /* TreasureventureApp.swift */ = {isa = PBXFileReference; lastKnownFileType = sourcecode.swift; path = TreasureventureApp.swift; sourceTree = "<group>"; };
		8B8C18D0280FA8C500D94AF5 /* ContentView.swift */ = {isa = PBXFileReference; lastKnownFileType = sourcecode.swift; path = ContentView.swift; sourceTree = "<group>"; };
		8B8C18D5280FA8C700D94AF5 /* Preview Assets.xcassets */ = {isa = PBXFileReference; lastKnownFileType = folder.assetcatalog; path = "Preview Assets.xcassets"; sourceTree = "<group>"; };
		8B8C19112810882200D94AF5 /* Location.swift */ = {isa = PBXFileReference; lastKnownFileType = sourcecode.swift; path = Location.swift; sourceTree = "<group>"; };
		8B8C191528108FF700D94AF5 /* LocationsDataService.swift */ = {isa = PBXFileReference; lastKnownFileType = sourcecode.swift; path = LocationsDataService.swift; sourceTree = "<group>"; };
		8B8C19172810957500D94AF5 /* LocationsViewModel.swift */ = {isa = PBXFileReference; lastKnownFileType = sourcecode.swift; path = LocationsViewModel.swift; sourceTree = "<group>"; };
		8B8C191928109BF000D94AF5 /* LocationsView.swift */ = {isa = PBXFileReference; lastKnownFileType = sourcecode.swift; path = LocationsView.swift; sourceTree = "<group>"; };
		8B8C191B28109DAC00D94AF5 /* LocationDetailView.swift */ = {isa = PBXFileReference; fileEncoding = 4; lastKnownFileType = sourcecode.swift; path = LocationDetailView.swift; sourceTree = "<group>"; };
		8B8C191C28109DAC00D94AF5 /* LocationMapAnnotationView.swift */ = {isa = PBXFileReference; fileEncoding = 4; lastKnownFileType = sourcecode.swift; path = LocationMapAnnotationView.swift; sourceTree = "<group>"; };
		8B8C191D28109DAC00D94AF5 /* LocationPreviewView.swift */ = {isa = PBXFileReference; fileEncoding = 4; lastKnownFileType = sourcecode.swift; path = LocationPreviewView.swift; sourceTree = "<group>"; };
		8B8C191E28109DAC00D94AF5 /* LocationsListView.swift */ = {isa = PBXFileReference; fileEncoding = 4; lastKnownFileType = sourcecode.swift; path = LocationsListView.swift; sourceTree = "<group>"; };
		8BCF20A1281200F1008DD809 /* CaptureImageView.swift */ = {isa = PBXFileReference; lastKnownFileType = sourcecode.swift; path = CaptureImageView.swift; sourceTree = "<group>"; };
		8BCF20A328120304008DD809 /* Coordinator.swift */ = {isa = PBXFileReference; lastKnownFileType = sourcecode.swift; path = Coordinator.swift; sourceTree = "<group>"; };
		8BCF20A728122A19008DD809 /* SuccessView.swift */ = {isa = PBXFileReference; lastKnownFileType = sourcecode.swift; path = SuccessView.swift; sourceTree = "<group>"; };
		8BF68ADE2810D675006C1AED /* CardView.swift */ = {isa = PBXFileReference; lastKnownFileType = sourcecode.swift; path = CardView.swift; sourceTree = "<group>"; };
		8BF68AE02810E5D8006C1AED /* RatingView.swift */ = {isa = PBXFileReference; lastKnownFileType = sourcecode.swift; path = RatingView.swift; sourceTree = "<group>"; };
		8BF68AE22810F9E4006C1AED /* Info.plist */ = {isa = PBXFileReference; lastKnownFileType = text.plist; path = Info.plist; sourceTree = "<group>"; };
		8BF68AE32810FBD9006C1AED /* StartView.swift */ = {isa = PBXFileReference; lastKnownFileType = sourcecode.swift; path = StartView.swift; sourceTree = "<group>"; };
		8BF68AE528110A3B006C1AED /* SliderView.swift */ = {isa = PBXFileReference; lastKnownFileType = sourcecode.swift; path = SliderView.swift; sourceTree = "<group>"; };
		8BF68AE72811A6EA006C1AED /* Assets.xcassets */ = {isa = PBXFileReference; lastKnownFileType = folder.assetcatalog; path = Assets.xcassets; sourceTree = "<group>"; };
/* End PBXFileReference section */

/* Begin PBXFrameworksBuildPhase section */
		8B8C18C8280FA8C500D94AF5 /* Frameworks */ = {
			isa = PBXFrameworksBuildPhase;
			buildActionMask = 2147483647;
			files = (
			);
			runOnlyForDeploymentPostprocessing = 0;
		};
/* End PBXFrameworksBuildPhase section */

/* Begin PBXGroup section */
		8B3983D228184BD900F381FE /* SubViews */ = {
			isa = PBXGroup;
			children = (
				8BF68AE528110A3B006C1AED /* SliderView.swift */,
				8BF68ADE2810D675006C1AED /* CardView.swift */,
				8BF68AE02810E5D8006C1AED /* RatingView.swift */,
				8B8C191B28109DAC00D94AF5 /* LocationDetailView.swift */,
				8B8C191C28109DAC00D94AF5 /* LocationMapAnnotationView.swift */,
				8B8C191D28109DAC00D94AF5 /* LocationPreviewView.swift */,
				8B8C191E28109DAC00D94AF5 /* LocationsListView.swift */,
				8B3983D92819D1C200F381FE /* SheetView.swift */,
			);
			path = SubViews;
			sourceTree = "<group>";
		};
		8B8C18C2280FA8C500D94AF5 = {
			isa = PBXGroup;
			children = (
				8B8C18CD280FA8C500D94AF5 /* Treasureventure */,
				8B8C18CC280FA8C500D94AF5 /* Products */,
			);
			sourceTree = "<group>";
		};
		8B8C18CC280FA8C500D94AF5 /* Products */ = {
			isa = PBXGroup;
			children = (
				8B8C18CB280FA8C500D94AF5 /* Treasureventure.app */,
			);
			name = Products;
			sourceTree = "<group>";
		};
		8B8C18CD280FA8C500D94AF5 /* Treasureventure */ = {
			isa = PBXGroup;
			children = (
				8BF68AE22810F9E4006C1AED /* Info.plist */,
				8B8C18CE280FA8C500D94AF5 /* TreasureventureApp.swift */,
				8B8C1910281087DC00D94AF5 /* DataServices */,
				8B8C190F281087D400D94AF5 /* Views */,
				8B8C190E281087CB00D94AF5 /* ViewModels */,
				8B8C190D281087BE00D94AF5 /* Models */,
				8BF68AE72811A6EA006C1AED /* Assets.xcassets */,
				8B8C18D4280FA8C700D94AF5 /* Preview Content */,
			);
			path = Treasureventure;
			sourceTree = "<group>";
		};
		8B8C18D4280FA8C700D94AF5 /* Preview Content */ = {
			isa = PBXGroup;
			children = (
				8B8C18D5280FA8C700D94AF5 /* Preview Assets.xcassets */,
			);
			path = "Preview Content";
			sourceTree = "<group>";
		};
		8B8C190D281087BE00D94AF5 /* Models */ = {
			isa = PBXGroup;
			children = (
				8B8C19112810882200D94AF5 /* Location.swift */,
			);
			path = Models;
			sourceTree = "<group>";
		};
		8B8C190E281087CB00D94AF5 /* ViewModels */ = {
			isa = PBXGroup;
			children = (
				8BCF20A1281200F1008DD809 /* CaptureImageView.swift */,
				8B8C19172810957500D94AF5 /* LocationsViewModel.swift */,
				8BCF20A328120304008DD809 /* Coordinator.swift */,
				8B3983D72819AD2300F381FE /* ShareSheet.swift */,
				8B3983DD281AE71A00F381FE /* BasicViewModel.swift */,
			);
			path = ViewModels;
			sourceTree = "<group>";
		};
		8B8C190F281087D400D94AF5 /* Views */ = {
			isa = PBXGroup;
			children = (
				8B3983D228184BD900F381FE /* SubViews */,
				8B8C18D0280FA8C500D94AF5 /* ContentView.swift */,
				8B8C191928109BF000D94AF5 /* LocationsView.swift */,
				8BF68AE32810FBD9006C1AED /* StartView.swift */,
				8BCF20A728122A19008DD809 /* SuccessView.swift */,
				8B3983D328184D3000F381FE /* MainView.swift */,
				8B3983DB281AB52800F381FE /* FirstBootView.swift */,
			);
			path = Views;
			sourceTree = "<group>";
		};
		8B8C1910281087DC00D94AF5 /* DataServices */ = {
			isa = PBXGroup;
			children = (
				8B8C191528108FF700D94AF5 /* LocationsDataService.swift */,
			);
			path = DataServices;
			sourceTree = "<group>";
		};
/* End PBXGroup section */

/* Begin PBXNativeTarget section */
		8B8C18CA280FA8C500D94AF5 /* Treasureventure */ = {
			isa = PBXNativeTarget;
			buildConfigurationList = 8B8C18D9280FA8C700D94AF5 /* Build configuration list for PBXNativeTarget "Treasureventure" */;
			buildPhases = (
				8B8C18C7280FA8C500D94AF5 /* Sources */,
				8B8C18C8280FA8C500D94AF5 /* Frameworks */,
				8B8C18C9280FA8C500D94AF5 /* Resources */,
			);
			buildRules = (
			);
			dependencies = (
			);
			name = Treasureventure;
			productName = Treasureventure;
			productReference = 8B8C18CB280FA8C500D94AF5 /* Treasureventure.app */;
			productType = "com.apple.product-type.application";
		};
/* End PBXNativeTarget section */

/* Begin PBXProject section */
		8B8C18C3280FA8C500D94AF5 /* Project object */ = {
			isa = PBXProject;
			attributes = {
				BuildIndependentTargetsInParallel = 1;
				LastSwiftUpdateCheck = 1330;
				LastUpgradeCheck = 1330;
				TargetAttributes = {
					8B8C18CA280FA8C500D94AF5 = {
						CreatedOnToolsVersion = 13.3;
					};
				};
			};
			buildConfigurationList = 8B8C18C6280FA8C500D94AF5 /* Build configuration list for PBXProject "Treasureventure" */;
			compatibilityVersion = "Xcode 13.0";
			developmentRegion = en;
			hasScannedForEncodings = 0;
			knownRegions = (
				en,
				Base,
			);
			mainGroup = 8B8C18C2280FA8C500D94AF5;
			productRefGroup = 8B8C18CC280FA8C500D94AF5 /* Products */;
			projectDirPath = "";
			projectRoot = "";
			targets = (
				8B8C18CA280FA8C500D94AF5 /* Treasureventure */,
			);
		};
/* End PBXProject section */

/* Begin PBXResourcesBuildPhase section */
		8B8C18C9280FA8C500D94AF5 /* Resources */ = {
			isa = PBXResourcesBuildPhase;
			buildActionMask = 2147483647;
			files = (
				8BF68AE82811A6EA006C1AED /* Assets.xcassets in Resources */,
				8B8C18D6280FA8C700D94AF5 /* Preview Assets.xcassets in Resources */,
			);
			runOnlyForDeploymentPostprocessing = 0;
		};
/* End PBXResourcesBuildPhase section */

/* Begin PBXSourcesBuildPhase section */
		8B8C18C7280FA8C500D94AF5 /* Sources */ = {
			isa = PBXSourcesBuildPhase;
			buildActionMask = 2147483647;
			files = (
				8B3983DC281AB52800F381FE /* FirstBootView.swift in Sources */,
				8B8C191628108FF700D94AF5 /* LocationsDataService.swift in Sources */,
				8B3983D428184D3000F381FE /* MainView.swift in Sources */,
				8B3983DA2819D1C200F381FE /* SheetView.swift in Sources */,
				8B8C18D1280FA8C500D94AF5 /* ContentView.swift in Sources */,
				8B3983DE281AE71A00F381FE /* BasicViewModel.swift in Sources */,
				8BCF20A828122A19008DD809 /* SuccessView.swift in Sources */,
				8BCF20A2281200F1008DD809 /* CaptureImageView.swift in Sources */,
				8B8C19122810882200D94AF5 /* Location.swift in Sources */,
				8BF68AE12810E5D8006C1AED /* RatingView.swift in Sources */,
				8B8C191F28109DAC00D94AF5 /* LocationDetailView.swift in Sources */,
				8BF68AE42810FBD9006C1AED /* StartView.swift in Sources */,
				8B8C192128109DAC00D94AF5 /* LocationPreviewView.swift in Sources */,
				8B8C192228109DAC00D94AF5 /* LocationsListView.swift in Sources */,
				8BCF20A428120304008DD809 /* Coordinator.swift in Sources */,
				8B8C191A28109BF000D94AF5 /* LocationsView.swift in Sources */,
				8B8C18CF280FA8C500D94AF5 /* TreasureventureApp.swift in Sources */,
				8B8C19182810957500D94AF5 /* LocationsViewModel.swift in Sources */,
				8BF68ADF2810D675006C1AED /* CardView.swift in Sources */,
				8B3983D82819AD2300F381FE /* ShareSheet.swift in Sources */,
				8B8C192028109DAC00D94AF5 /* LocationMapAnnotationView.swift in Sources */,
				8BF68AE628110A3B006C1AED /* SliderView.swift in Sources */,
			);
			runOnlyForDeploymentPostprocessing = 0;
		};
/* End PBXSourcesBuildPhase section */

/* Begin XCBuildConfiguration section */
		8B8C18D7280FA8C700D94AF5 /* Debug */ = {
			isa = XCBuildConfiguration;
			buildSettings = {
				ALWAYS_SEARCH_USER_PATHS = NO;
				CLANG_ANALYZER_NONNULL = YES;
				CLANG_ANALYZER_NUMBER_OBJECT_CONVERSION = YES_AGGRESSIVE;
				CLANG_CXX_LANGUAGE_STANDARD = "gnu++17";
				CLANG_ENABLE_MODULES = YES;
				CLANG_ENABLE_OBJC_ARC = YES;
				CLANG_ENABLE_OBJC_WEAK = YES;
				CLANG_WARN_BLOCK_CAPTURE_AUTORELEASING = YES;
				CLANG_WARN_BOOL_CONVERSION = YES;
				CLANG_WARN_COMMA = YES;
				CLANG_WARN_CONSTANT_CONVERSION = YES;
				CLANG_WARN_DEPRECATED_OBJC_IMPLEMENTATIONS = YES;
				CLANG_WARN_DIRECT_OBJC_ISA_USAGE = YES_ERROR;
				CLANG_WARN_DOCUMENTATION_COMMENTS = YES;
				CLANG_WARN_EMPTY_BODY = YES;
				CLANG_WARN_ENUM_CONVERSION = YES;
				CLANG_WARN_INFINITE_RECURSION = YES;
				CLANG_WARN_INT_CONVERSION = YES;
				CLANG_WARN_NON_LITERAL_NULL_CONVERSION = YES;
				CLANG_WARN_OBJC_IMPLICIT_RETAIN_SELF = YES;
				CLANG_WARN_OBJC_LITERAL_CONVERSION = YES;
				CLANG_WARN_OBJC_ROOT_CLASS = YES_ERROR;
				CLANG_WARN_QUOTED_INCLUDE_IN_FRAMEWORK_HEADER = YES;
				CLANG_WARN_RANGE_LOOP_ANALYSIS = YES;
				CLANG_WARN_STRICT_PROTOTYPES = YES;
				CLANG_WARN_SUSPICIOUS_MOVE = YES;
				CLANG_WARN_UNGUARDED_AVAILABILITY = YES_AGGRESSIVE;
				CLANG_WARN_UNREACHABLE_CODE = YES;
				CLANG_WARN__DUPLICATE_METHOD_MATCH = YES;
				COPY_PHASE_STRIP = NO;
				DEBUG_INFORMATION_FORMAT = dwarf;
				ENABLE_STRICT_OBJC_MSGSEND = YES;
				ENABLE_TESTABILITY = YES;
				GCC_C_LANGUAGE_STANDARD = gnu11;
				GCC_DYNAMIC_NO_PIC = NO;
				GCC_NO_COMMON_BLOCKS = YES;
				GCC_OPTIMIZATION_LEVEL = 0;
				GCC_PREPROCESSOR_DEFINITIONS = (
					"DEBUG=1",
					"$(inherited)",
				);
				GCC_WARN_64_TO_32_BIT_CONVERSION = YES;
				GCC_WARN_ABOUT_RETURN_TYPE = YES_ERROR;
				GCC_WARN_UNDECLARED_SELECTOR = YES;
				GCC_WARN_UNINITIALIZED_AUTOS = YES_AGGRESSIVE;
				GCC_WARN_UNUSED_FUNCTION = YES;
				GCC_WARN_UNUSED_VARIABLE = YES;
				IPHONEOS_DEPLOYMENT_TARGET = 15.4;
				MTL_ENABLE_DEBUG_INFO = INCLUDE_SOURCE;
				MTL_FAST_MATH = YES;
				ONLY_ACTIVE_ARCH = YES;
				SDKROOT = iphoneos;
				SWIFT_ACTIVE_COMPILATION_CONDITIONS = DEBUG;
				SWIFT_OPTIMIZATION_LEVEL = "-Onone";
			};
			name = Debug;
		};
		8B8C18D8280FA8C700D94AF5 /* Release */ = {
			isa = XCBuildConfiguration;
			buildSettings = {
				ALWAYS_SEARCH_USER_PATHS = NO;
				CLANG_ANALYZER_NONNULL = YES;
				CLANG_ANALYZER_NUMBER_OBJECT_CONVERSION = YES_AGGRESSIVE;
				CLANG_CXX_LANGUAGE_STANDARD = "gnu++17";
				CLANG_ENABLE_MODULES = YES;
				CLANG_ENABLE_OBJC_ARC = YES;
				CLANG_ENABLE_OBJC_WEAK = YES;
				CLANG_WARN_BLOCK_CAPTURE_AUTORELEASING = YES;
				CLANG_WARN_BOOL_CONVERSION = YES;
				CLANG_WARN_COMMA = YES;
				CLANG_WARN_CONSTANT_CONVERSION = YES;
				CLANG_WARN_DEPRECATED_OBJC_IMPLEMENTATIONS = YES;
				CLANG_WARN_DIRECT_OBJC_ISA_USAGE = YES_ERROR;
				CLANG_WARN_DOCUMENTATION_COMMENTS = YES;
				CLANG_WARN_EMPTY_BODY = YES;
				CLANG_WARN_ENUM_CONVERSION = YES;
				CLANG_WARN_INFINITE_RECURSION = YES;
				CLANG_WARN_INT_CONVERSION = YES;
				CLANG_WARN_NON_LITERAL_NULL_CONVERSION = YES;
				CLANG_WARN_OBJC_IMPLICIT_RETAIN_SELF = YES;
				CLANG_WARN_OBJC_LITERAL_CONVERSION = YES;
				CLANG_WARN_OBJC_ROOT_CLASS = YES_ERROR;
				CLANG_WARN_QUOTED_INCLUDE_IN_FRAMEWORK_HEADER = YES;
				CLANG_WARN_RANGE_LOOP_ANALYSIS = YES;
				CLANG_WARN_STRICT_PROTOTYPES = YES;
				CLANG_WARN_SUSPICIOUS_MOVE = YES;
				CLANG_WARN_UNGUARDED_AVAILABILITY = YES_AGGRESSIVE;
				CLANG_WARN_UNREACHABLE_CODE = YES;
				CLANG_WARN__DUPLICATE_METHOD_MATCH = YES;
				COPY_PHASE_STRIP = NO;
				DEBUG_INFORMATION_FORMAT = "dwarf-with-dsym";
				ENABLE_NS_ASSERTIONS = NO;
				ENABLE_STRICT_OBJC_MSGSEND = YES;
				GCC_C_LANGUAGE_STANDARD = gnu11;
				GCC_NO_COMMON_BLOCKS = YES;
				GCC_WARN_64_TO_32_BIT_CONVERSION = YES;
				GCC_WARN_ABOUT_RETURN_TYPE = YES_ERROR;
				GCC_WARN_UNDECLARED_SELECTOR = YES;
				GCC_WARN_UNINITIALIZED_AUTOS = YES_AGGRESSIVE;
				GCC_WARN_UNUSED_FUNCTION = YES;
				GCC_WARN_UNUSED_VARIABLE = YES;
				IPHONEOS_DEPLOYMENT_TARGET = 15.4;
				MTL_ENABLE_DEBUG_INFO = NO;
				MTL_FAST_MATH = YES;
				SDKROOT = iphoneos;
				SWIFT_COMPILATION_MODE = wholemodule;
				SWIFT_OPTIMIZATION_LEVEL = "-O";
				VALIDATE_PRODUCT = YES;
			};
			name = Release;
		};
		8B8C18DA280FA8C700D94AF5 /* Debug */ = {
			isa = XCBuildConfiguration;
			buildSettings = {
				ASSETCATALOG_COMPILER_APPICON_NAME = AppIcon;
				ASSETCATALOG_COMPILER_GLOBAL_ACCENT_COLOR_NAME = AccentColor;
				ASSETCATALOG_COMPILER_INCLUDE_ALL_APPICON_ASSETS = NO;
				CODE_SIGN_IDENTITY = "Apple Development";
				CODE_SIGN_STYLE = Automatic;
				CURRENT_PROJECT_VERSION = 3;
				DEVELOPMENT_ASSET_PATHS = "\"Treasureventure/Preview Content\"";
				DEVELOPMENT_TEAM = Q3XNR6NH4H;
				ENABLE_PREVIEWS = YES;
				GENERATE_INFOPLIST_FILE = YES;
				INFOPLIST_FILE = Treasureventure/Info.plist;
				INFOPLIST_KEY_CFBundleDisplayName = Treasureventure;
				INFOPLIST_KEY_NSCameraUsageDescription = "Please allow access to your camera to take a picture of the item you found";
				INFOPLIST_KEY_NSPhotoLibraryUsageDescription = "Please allow access to your photo library to verify the item you found";
				INFOPLIST_KEY_UIApplicationSceneManifest_Generation = YES;
				INFOPLIST_KEY_UIApplicationSupportsIndirectInputEvents = YES;
				INFOPLIST_KEY_UISupportedInterfaceOrientations_iPad = "UIInterfaceOrientationPortrait UIInterfaceOrientationPortraitUpsideDown UIInterfaceOrientationLandscapeLeft UIInterfaceOrientationLandscapeRight";
				INFOPLIST_KEY_UISupportedInterfaceOrientations_iPhone = "UIInterfaceOrientationPortrait UIInterfaceOrientationLandscapeLeft UIInterfaceOrientationLandscapeRight";
				LD_RUNPATH_SEARCH_PATHS = (
					"$(inherited)",
					"@executable_path/Frameworks",
				);
				MARKETING_VERSION = 1.0;
				PRODUCT_BUNDLE_IDENTIFIER = com.jerishbovas.treasurehunt;
				PRODUCT_NAME = "$(TARGET_NAME)";
				PROVISIONING_PROFILE_SPECIFIER = "";
				SWIFT_EMIT_LOC_STRINGS = YES;
				SWIFT_VERSION = 5.0;
				TARGETED_DEVICE_FAMILY = "1,2";
			};
			name = Debug;
		};
		8B8C18DB280FA8C700D94AF5 /* Release */ = {
			isa = XCBuildConfiguration;
			buildSettings = {
				ASSETCATALOG_COMPILER_APPICON_NAME = AppIcon;
				ASSETCATALOG_COMPILER_GLOBAL_ACCENT_COLOR_NAME = AccentColor;
				ASSETCATALOG_COMPILER_INCLUDE_ALL_APPICON_ASSETS = NO;
				CODE_SIGN_IDENTITY = "Apple Development";
				CODE_SIGN_STYLE = Automatic;
				CURRENT_PROJECT_VERSION = 3;
				DEVELOPMENT_ASSET_PATHS = "\"Treasureventure/Preview Content\"";
				DEVELOPMENT_TEAM = Q3XNR6NH4H;
				ENABLE_PREVIEWS = YES;
				GENERATE_INFOPLIST_FILE = YES;
				INFOPLIST_FILE = Treasureventure/Info.plist;
				INFOPLIST_KEY_CFBundleDisplayName = Treasureventure;
				INFOPLIST_KEY_NSCameraUsageDescription = "Please allow access to your camera to take a picture of the item you found";
				INFOPLIST_KEY_NSPhotoLibraryUsageDescription = "Please allow access to your photo library to verify the item you found";
				INFOPLIST_KEY_UIApplicationSceneManifest_Generation = YES;
				INFOPLIST_KEY_UIApplicationSupportsIndirectInputEvents = YES;
				INFOPLIST_KEY_UISupportedInterfaceOrientations_iPad = "UIInterfaceOrientationPortrait UIInterfaceOrientationPortraitUpsideDown UIInterfaceOrientationLandscapeLeft UIInterfaceOrientationLandscapeRight";
				INFOPLIST_KEY_UISupportedInterfaceOrientations_iPhone = "UIInterfaceOrientationPortrait UIInterfaceOrientationLandscapeLeft UIInterfaceOrientationLandscapeRight";
				LD_RUNPATH_SEARCH_PATHS = (
					"$(inherited)",
					"@executable_path/Frameworks",
				);
				MARKETING_VERSION = 1.0;
				PRODUCT_BUNDLE_IDENTIFIER = com.jerishbovas.treasurehunt;
				PRODUCT_NAME = "$(TARGET_NAME)";
				PROVISIONING_PROFILE_SPECIFIER = "";
				SWIFT_EMIT_LOC_STRINGS = YES;
				SWIFT_VERSION = 5.0;
				TARGETED_DEVICE_FAMILY = "1,2";
			};
			name = Release;
		};
/* End XCBuildConfiguration section */

/* Begin XCConfigurationList section */
		8B8C18C6280FA8C500D94AF5 /* Build configuration list for PBXProject "Treasureventure" */ = {
			isa = XCConfigurationList;
			buildConfigurations = (
				8B8C18D7280FA8C700D94AF5 /* Debug */,
				8B8C18D8280FA8C700D94AF5 /* Release */,
			);
			defaultConfigurationIsVisible = 0;
			defaultConfigurationName = Release;
		};
		8B8C18D9280FA8C700D94AF5 /* Build configuration list for PBXNativeTarget "Treasureventure" */ = {
			isa = XCConfigurationList;
			buildConfigurations = (
				8B8C18DA280FA8C700D94AF5 /* Debug */,
				8B8C18DB280FA8C700D94AF5 /* Release */,
			);
			defaultConfigurationIsVisible = 0;
			defaultConfigurationName = Release;
		};
/* End XCConfigurationList section */
	};
	rootObject = 8B8C18C3280FA8C500D94AF5 /* Project object */;
}
